
Microsoft Visual Studio Solution File, Format Version 12.00
# Visual Studio Version 16
VisualStudioVersion = 16.0.31424.327
MinimumVisualStudioVersion = 10.0.40219.1
Project("{FAE04EC0-301F-11D3-BF4B-00C04F79EFBC}") = "totalCMD", "totalCMD\totalCMD.csproj", "{B23BC090-FB94-4637-9405-C1937AAA07FC}"
EndProject
Global
	GlobalSection(SolutionConfigurationPlatforms) = preSolution
		Debug|Any CPU = Debug|Any CPU
		Release|Any CPU = Release|Any CPU
	EndGlobalSection
	GlobalSection(ProjectConfigurationPlatforms) = postSolution
		{B23BC090-FB94-4637-9405-C1937AAA07FC}.Debug|Any CPU.ActiveCfg = Debug|Any CPU
		{B23BC090-FB94-4637-9405-C1937AAA07FC}.Debug|Any CPU.Build.0 = Debug|Any CPU
		{B23BC090-FB94-4637-9405-C1937AAA07FC}.Release|Any CPU.ActiveCfg = Release|Any CPU
		{B23BC090-FB94-4637-9405-C1937AAA07FC}.Release|Any CPU.Build.0 = Release|Any CPU
	EndGlobalSection
	GlobalSection(SolutionProperties) = preSolution
		HideSolutionNode = FALSE
	EndGlobalSection
	GlobalSection(ExtensibilityGlobals) = postSolution
		SolutionGuid = {BCE02FFE-8ED7-492D-9DD7-14D1DAE50ED6}
	EndGlobalSection
EndGlobal
